
Microsoft Visual Studio Solution File, Format Version 12.00
# Visual Studio Version 16
VisualStudioVersion = 16.0.29215.179
MinimumVisualStudioVersion = 10.0.40219.1
Project("{FAE04EC0-301F-11D3-BF4B-00C04F79EFBC}") = "TimesaableGamer2", "TimesaableGamer2\TimesaableGamer2.csproj", "{C90C6666-262E-43C4-AB50-D4DF5043FF7D}"
EndProject
Global
	GlobalSection(SolutionConfigurationPlatforms) = preSolution
		Debug|Any CPU = Debug|Any CPU
		Release|Any CPU = Release|Any CPU
	EndGlobalSection
	GlobalSection(ProjectConfigurationPlatforms) = postSolution
		{C90C6666-262E-43C4-AB50-D4DF5043FF7D}.Debug|Any CPU.ActiveCfg = Debug|Any CPU
		{C90C6666-262E-43C4-AB50-D4DF5043FF7D}.Debug|Any CPU.Build.0 = Debug|Any CPU
		{C90C6666-262E-43C4-AB50-D4DF5043FF7D}.Release|Any CPU.ActiveCfg = Release|Any CPU
		{C90C6666-262E-43C4-AB50-D4DF5043FF7D}.Release|Any CPU.Build.0 = Release|Any CPU
	EndGlobalSection
	GlobalSection(SolutionProperties) = preSolution
		HideSolutionNode = FALSE
	EndGlobalSection
	GlobalSection(ExtensibilityGlobals) = postSolution
		SolutionGuid = {42F2C703-0DB0-4928-A7FA-303A545B2D73}
	EndGlobalSection
EndGlobal
